
Microsoft Visual Studio Solution File, Format Version 12.00
# Visual Studio Version 17
VisualStudioVersion = 17.10.35122.118
MinimumVisualStudioVersion = 10.0.40219.1
Project("{FAE04EC0-301F-11D3-BF4B-00C04F79EFBC}") = "UIAutomationTests", "UIAutomationTests\UIAutomationTests.csproj", "{B2F41993-608E-43A7-8F01-13130B0A1F73}"
EndProject
Global
	GlobalSection(SolutionConfigurationPlatforms) = preSolution
		Debug|Any CPU = Debug|Any CPU
		Release|Any CPU = Release|Any CPU
	EndGlobalSection
	GlobalSection(ProjectConfigurationPlatforms) = postSolution
		{B2F41993-608E-43A7-8F01-13130B0A1F73}.Debug|Any CPU.ActiveCfg = Debug|Any CPU
		{B2F41993-608E-43A7-8F01-13130B0A1F73}.Debug|Any CPU.Build.0 = Debug|Any CPU
		{B2F41993-608E-43A7-8F01-13130B0A1F73}.Release|Any CPU.ActiveCfg = Release|Any CPU
		{B2F41993-608E-43A7-8F01-13130B0A1F73}.Release|Any CPU.Build.0 = Release|Any CPU
	EndGlobalSection
	GlobalSection(SolutionProperties) = preSolution
		HideSolutionNode = FALSE
	EndGlobalSection
	GlobalSection(ExtensibilityGlobals) = postSolution
		SolutionGuid = {CD7374B4-6D96-41E4-89FA-9B32B866DD41}
	EndGlobalSection
EndGlobal
